{
  "name": "wds",
  "version": "1.0.0",
  "lockfileVersion": 1,
  "requires": true,
  "dependencies": {
    "nats": {
      "version": "0.7.24",
      "resolved": "https://registry.npmjs.org/nats/-/nats-0.7.24.tgz",
      "integrity": "sha1-fSdofC29iqYFipkP7mz1wb3Idig=",
      "requires": {
        "nuid": "0.6.14"
      }
    },
    "nuid": {
      "version": "0.6.14",
      "resolved": "https://registry.npmjs.org/nuid/-/nuid-0.6.14.tgz",
      "integrity": "sha1-oiXItyDkbFY62NE2QTaGafbCW0g="
    }
  }
}
